<?xml version="1.0" encoding="utf-8"?>
<Project ToolsVersion="4.0" xmlns="http://schemas.microsoft.com/developer/msbuild/2003">
  <ItemGroup>
    <ClCompile Include="GeometricFields.cpp" />
    <ClCompile Include="Utils\ComputeProgramWrapper.cpp">
      <Filter>Utils</Filter>
    </ClCompile>
    <ClCompile Include="Utils\RenderProgram.cpp">
      <Filter>Utils</Filter>
    </ClCompile>
    <ClCompile Include="Utils\RenderProgram2D.cpp">
      <Filter>Utils</Filter>
    </ClCompile>
    <ClCompile Include="Utils\Render3D\RenderProgram3D.cpp">
      <Filter>Utils</Filter>
    </ClCompile>
    <ClCompile Include="Utils\Render3D\RenderProgram3DG1.cpp">
      <Filter>Utils</Filter>
    </ClCompile>
    <ClCompile Include="Utils\Render3D\RenderProgram3DG2.cpp">
      <Filter>Utils</Filter>
    </ClCompile>
    <ClCompile Include="Utils\Render3D\RenderProgram3DG0.cpp">
      <Filter>Utils</Filter>
    </ClCompile>
    <ClCompile Include="Utils\Render2D\RenderProgram2DG1.cpp">
      <Filter>Utils</Filter>
    </ClCompile>
    <ClCompile Include="Utils\Render2D\RenderProgram2DG0.cpp">
      <Filter>Utils</Filter>
    </ClCompile>
    <ClCompile Include="Source.cpp">
      <Filter>Shaders\Utils</Filter>
    </ClCompile>
    <ClCompile Include="FreetypeUtils\FreeTypeTest.cpp">
      <Filter>Freetype utils</Filter>
    </ClCompile>
    <ClCompile Include="FreetypeUtils\FreeTypeWrapper.cpp">
      <Filter>Freetype utils</Filter>
    </ClCompile>
    <ClCompile Include="FreetypeUtils\Outline.cpp">
      <Filter>Freetype utils</Filter>
    </ClCompile>
    <ClCompile Include="FreetypeUtils\TextLayout.cpp">
      <Filter>Freetype utils</Filter>
    </ClCompile>
    <ClCompile Include="FreetypeUtils\WriteLayout.cpp">
      <Filter>Freetype utils</Filter>
    </ClCompile>
    <ClCompile Include="FreetypeUtils\OutlineBuffer.cpp">
      <Filter>Freetype utils</Filter>
    </ClCompile>
  </ItemGroup>
  <ItemGroup>
    <ClInclude Include="GeometricFields.h" />
    <ClInclude Include="Utils\ComputeProgramWrapper.h">
      <Filter>Utils</Filter>
    </ClInclude>
    <ClInclude Include="Utils\RenderProgram.h">
      <Filter>Utils</Filter>
    </ClInclude>
    <ClInclude Include="Utils\RenderProgram2D.h">
      <Filter>Utils</Filter>
    </ClInclude>
    <ClInclude Include="Utils\Render3D\RenderProgram3D.h">
      <Filter>Utils</Filter>
    </ClInclude>
    <ClInclude Include="Utils\Render3D\RenderProgram3DG1.h">
      <Filter>Utils</Filter>
    </ClInclude>
    <ClInclude Include="Utils\Render3D\RenderProgram3DG2.h">
      <Filter>Utils</Filter>
    </ClInclude>
    <ClInclude Include="Utils\Render3D\RenderProgram3DG0.h">
      <Filter>Utils</Filter>
    </ClInclude>
    <ClInclude Include="Utils\Render2D\RenderProgram2DG1.h">
      <Filter>Utils</Filter>
    </ClInclude>
    <ClInclude Include="Utils\Render2D\RenderProgram2DG0.h">
      <Filter>Utils</Filter>
    </ClInclude>
    <ClInclude Include="FreetypeUtils\FreeTypeTest.h">
      <Filter>Freetype utils</Filter>
    </ClInclude>
    <ClInclude Include="FreetypeUtils\FreeTypeWrapper.h">
      <Filter>Freetype utils</Filter>
    </ClInclude>
    <ClInclude Include="FreetypeUtils\Outline.h">
      <Filter>Freetype utils</Filter>
    </ClInclude>
    <ClInclude Include="FreetypeUtils\TextLayout.h">
      <Filter>Freetype utils</Filter>
    </ClInclude>
    <ClInclude Include="FreetypeUtils\WriteLayout.h">
      <Filter>Freetype utils</Filter>
    </ClInclude>
    <ClInclude Include="FreetypeUtils\OutlineBuffer.h">
      <Filter>Freetype utils</Filter>
    </ClInclude>
  </ItemGroup>
  <ItemGroup>
    <Filter Include="Utils">
      <UniqueIdentifier>{3947983e-3337-4f6b-86a7-b78fb65a2048}</UniqueIdentifier>
    </Filter>
    <Filter Include="Shaders">
      <UniqueIdentifier>{8ffec700-23c4-4920-aa1b-a195e70361d7}</UniqueIdentifier>
    </Filter>
    <Filter Include="Shaders\Compute">
      <UniqueIdentifier>{05a26740-afa7-45fb-b476-64086eeb68b5}</UniqueIdentifier>
    </Filter>
    <Filter Include="Shaders\SDF">
      <UniqueIdentifier>{9409ad06-a205-4615-9047-386ceaf68c3a}</UniqueIdentifier>
    </Filter>
    <Filter Include="Shaders\Interpolation">
      <UniqueIdentifier>{00f8d4fc-dc34-4e87-bf5b-5b19e1e9705a}</UniqueIdentifier>
    </Filter>
    <Filter Include="Shaders\Utils">
      <UniqueIdentifier>{ce00807f-9137-4e60-94e3-4fb932e81c8b}</UniqueIdentifier>
    </Filter>
    <Filter Include="Freetype utils">
      <UniqueIdentifier>{e9270bdf-2bf2-4665-8941-0b452d4ff307}</UniqueIdentifier>
    </Filter>
  </ItemGroup>
  <ItemGroup>
    <ShaderSource Include="Shaders\Compute\g12d.cs.slang">
      <Filter>Shaders\Compute</Filter>
    </ShaderSource>
    <ShaderSource Include="Shaders\SDF\sdf2d.slang">
      <Filter>Shaders\SDF</Filter>
    </ShaderSource>
    <ShaderSource Include="Shaders\2d.ps.slang">
      <Filter>Shaders</Filter>
    </ShaderSource>
    <ShaderSource Include="Shaders\2d.vs.slang">
      <Filter>Shaders</Filter>
    </ShaderSource>
    <ShaderSource Include="Shaders\Interpolation\filterg12d.slang">
      <Filter>Shaders\Interpolation</Filter>
    </ShaderSource>
    <ShaderSource Include="Shaders\SDF\sdf3d.slang">
      <Filter>Shaders\SDF</Filter>
    </ShaderSource>
    <ShaderSource Include="Shaders\Compute\g13d.cs.slang">
      <Filter>Shaders\Compute</Filter>
    </ShaderSource>
    <ShaderSource Include="Shaders\Utils\ray.slang">
      <Filter>Shaders\Utils</Filter>
    </ShaderSource>
    <ShaderSource Include="Shaders\Interpolation\filterg13d.slang">
      <Filter>Shaders\Interpolation</Filter>
    </ShaderSource>
    <ShaderSource Include="Shaders\Compute\g23d.cs.slang">
      <Filter>Shaders\Compute</Filter>
    </ShaderSource>
    <ShaderSource Include="Shaders\Interpolation\filterg23d.slang">
      <Filter>Shaders\Interpolation</Filter>
    </ShaderSource>
    <ShaderSource Include="Shaders\Compute\read.cs.slang">
      <Filter>Shaders\Compute</Filter>
    </ShaderSource>
    <ShaderSource Include="Shaders\3d.ps.slang">
      <Filter>Shaders</Filter>
    </ShaderSource>
    <ShaderSource Include="Shaders\3d.vs.slang">
      <Filter>Shaders</Filter>
    </ShaderSource>
    <ShaderSource Include="Shaders\Utils\spheretrace.slang">
      <Filter>Shaders\Utils</Filter>
    </ShaderSource>
    <ShaderSource Include="Shaders\Utils\includes3d.slang">
      <Filter>Shaders\Utils</Filter>
    </ShaderSource>
    <ShaderSource Include="Shaders\Compute\testing.cs.slang">
      <Filter>Shaders\Compute</Filter>
    </ShaderSource>
    <ShaderSource Include="Shaders\Compute\read2d.cs.slang">
      <Filter>Shaders\Compute</Filter>
    </ShaderSource>
    <ShaderSource Include="Shaders\Compute\g03d.cs.slang">
      <Filter>Shaders\Compute</Filter>
    </ShaderSource>
    <ShaderSource Include="Shaders\Interpolation\filterg03d.slang">
      <Filter>Shaders\Interpolation</Filter>
    </ShaderSource>
    <ShaderSource Include="Shaders\Utils\includes2d.slang">
      <Filter>Shaders\Utils</Filter>
    </ShaderSource>
    <ShaderSource Include="Shaders\Compute\g02d.cs.slang">
      <Filter>Shaders\Compute</Filter>
    </ShaderSource>
    <ShaderSource Include="Shaders\Interpolation\filterg02d.slang">
      <Filter>Shaders\Interpolation</Filter>
    </ShaderSource>
    <ShaderSource Include="Shaders\SDF\head.slang">
      <Filter>Shaders\SDF</Filter>
    </ShaderSource>
    <ShaderSource Include="Shaders\Compute\csg3d.cs.slang">
      <Filter>Shaders\Compute</Filter>
    </ShaderSource>
    <ShaderSource Include="bezier.slang">
      <Filter>Shaders\Utils</Filter>
    </ShaderSource>
    <ShaderSource Include="bezierOutlineBuffer.slang">
      <Filter>Shaders\Utils</Filter>
    </ShaderSource>
    <ShaderSource Include="Shaders\Compute\csgprecalc.cs.slang">
      <Filter>Shaders\Compute</Filter>
    </ShaderSource>
    <ShaderSource Include="Shaders\SDF\helix.slang">
      <Filter>Shaders\SDF</Filter>
    </ShaderSource>
    <ShaderSource Include="Shaders\SDF\julia.slang">
      <Filter>Shaders\SDF</Filter>
    </ShaderSource>
    <ShaderSource Include="Shaders\SDF\key.slang">
      <Filter>Shaders\SDF</Filter>
    </ShaderSource>
    <ShaderSource Include="Shaders\SDF\knob.slang">
      <Filter>Shaders\SDF</Filter>
    </ShaderSource>
    <ShaderSource Include="Shaders\SDF\snail.slang">
      <Filter>Shaders\SDF</Filter>
    </ShaderSource>
    <ShaderSource Include="Shaders\SDF\spike.slang">
      <Filter>Shaders\SDF</Filter>
    </ShaderSource>
    <ShaderSource Include="Shaders\SDF\temple.slang">
      <Filter>Shaders\SDF</Filter>
    </ShaderSource>
    <ShaderSource Include="Shaders\SDF\vase.slang">
      <Filter>Shaders\SDF</Filter>
    </ShaderSource>
  </ItemGroup>
</Project>